
Microsoft Visual Studio Solution File, Format Version 12.00
# Visual Studio 15
VisualStudioVersion = 15.0.27004.2005
MinimumVisualStudioVersion = 10.0.40219.1
Project("{FAE04EC0-301F-11D3-BF4B-00C04F79EFBC}") = "GerenciadorJogos.Domain", "GerenciadorJogos.Domain\GerenciadorJogos.Domain.csproj", "{E29D3AC1-F290-4CA6-91B2-C8D53BCB5A75}"
EndProject
Project("{FAE04EC0-301F-11D3-BF4B-00C04F79EFBC}") = "GerenciadorJogos.DataAccess", "GerenciadorJogos.DataAccess\GerenciadorJogos.DataAccess.csproj", "{33222078-540E-4BEB-AF8C-5A13B76230DF}"
EndProject
Project("{FAE04EC0-301F-11D3-BF4B-00C04F79EFBC}") = "GerenciadorJogos.WebApp", "GerenciadorJogos.WebApp\GerenciadorJogos.WebApp.csproj", "{E0B0C54E-6A17-4B9D-8375-D14E8915208C}"
EndProject
Project("{FAE04EC0-301F-11D3-BF4B-00C04F79EFBC}") = "GerenciadorJogos.Business", "GerenciadorJogos.Business\GerenciadorJogos.Business.csproj", "{1BD62B7D-D679-4C64-940B-0A32B3042544}"
EndProject
Project("{FAE04EC0-301F-11D3-BF4B-00C04F79EFBC}") = "GerenciadorJogos.Util", "GerenciadorJogos.Util\GerenciadorJogos.Util.csproj", "{F6E28697-C460-40D3-B508-CDDCC2DE31F8}"
EndProject
Global
	GlobalSection(SolutionConfigurationPlatforms) = preSolution
		Debug|Any CPU = Debug|Any CPU
		Release|Any CPU = Release|Any CPU
	EndGlobalSection
	GlobalSection(ProjectConfigurationPlatforms) = postSolution
		{E29D3AC1-F290-4CA6-91B2-C8D53BCB5A75}.Debug|Any CPU.ActiveCfg = Debug|Any CPU
		{E29D3AC1-F290-4CA6-91B2-C8D53BCB5A75}.Debug|Any CPU.Build.0 = Debug|Any CPU
		{E29D3AC1-F290-4CA6-91B2-C8D53BCB5A75}.Release|Any CPU.ActiveCfg = Release|Any CPU
		{E29D3AC1-F290-4CA6-91B2-C8D53BCB5A75}.Release|Any CPU.Build.0 = Release|Any CPU
		{33222078-540E-4BEB-AF8C-5A13B76230DF}.Debug|Any CPU.ActiveCfg = Debug|Any CPU
		{33222078-540E-4BEB-AF8C-5A13B76230DF}.Debug|Any CPU.Build.0 = Debug|Any CPU
		{33222078-540E-4BEB-AF8C-5A13B76230DF}.Release|Any CPU.ActiveCfg = Release|Any CPU
		{33222078-540E-4BEB-AF8C-5A13B76230DF}.Release|Any CPU.Build.0 = Release|Any CPU
		{E0B0C54E-6A17-4B9D-8375-D14E8915208C}.Debug|Any CPU.ActiveCfg = Debug|Any CPU
		{E0B0C54E-6A17-4B9D-8375-D14E8915208C}.Debug|Any CPU.Build.0 = Debug|Any CPU
		{E0B0C54E-6A17-4B9D-8375-D14E8915208C}.Release|Any CPU.ActiveCfg = Release|Any CPU
		{E0B0C54E-6A17-4B9D-8375-D14E8915208C}.Release|Any CPU.Build.0 = Release|Any CPU
		{1BD62B7D-D679-4C64-940B-0A32B3042544}.Debug|Any CPU.ActiveCfg = Debug|Any CPU
		{1BD62B7D-D679-4C64-940B-0A32B3042544}.Debug|Any CPU.Build.0 = Debug|Any CPU
		{1BD62B7D-D679-4C64-940B-0A32B3042544}.Release|Any CPU.ActiveCfg = Release|Any CPU
		{1BD62B7D-D679-4C64-940B-0A32B3042544}.Release|Any CPU.Build.0 = Release|Any CPU
		{F6E28697-C460-40D3-B508-CDDCC2DE31F8}.Debug|Any CPU.ActiveCfg = Debug|Any CPU
		{F6E28697-C460-40D3-B508-CDDCC2DE31F8}.Debug|Any CPU.Build.0 = Debug|Any CPU
		{F6E28697-C460-40D3-B508-CDDCC2DE31F8}.Release|Any CPU.ActiveCfg = Release|Any CPU
		{F6E28697-C460-40D3-B508-CDDCC2DE31F8}.Release|Any CPU.Build.0 = Release|Any CPU
	EndGlobalSection
	GlobalSection(SolutionProperties) = preSolution
		HideSolutionNode = FALSE
	EndGlobalSection
	GlobalSection(ExtensibilityGlobals) = postSolution
		SolutionGuid = {BA6416F7-D4F7-4FEB-A970-9D368DE08313}
	EndGlobalSection
EndGlobal
